{
  "version": 4,
  "terraform_version": "1.9.2",
  "serial": 37,
  "lineage": "fd9087e8-13db-b9ba-97fb-001829384be8",
  "outputs": {
    "pet-name": {
      "value": "Mrs..titmouse",
      "type": "string"
    }
  },
  "resources": [
    {
      "mode": "managed",
      "type": "local_file",
      "name": "pet-file",
      "provider": "provider[\"registry.terraform.io/hashicorp/local\"]",
      "instances": [
        {
          "index_key": "/home/ubuntu/Terraform/pets/pet2.txt",
          "schema_version": 0,
          "attributes": {
            "content": "Mrs..titmouse",
            "content_base64": null,
            "content_base64sha256": "TQxJGSvTbkeQaeRyov+Z74+o4RXIqCSp/mArNk01lEc=",
            "content_base64sha512": "o/MWi1ePpIJ/WxWgSHVcdDpcuZ9FjhptfxQXV32NYbD/KFNDfdQ2NXcafRnnnbf4HEN6ExTvg2N5wotvfQ/3XA==",
            "content_md5": "68c40ea349b82fb53c7fd842cb92e619",
            "content_sha1": "277e89442adc98fe5ebe18d6f1964696711eaf70",
            "content_sha256": "4d0c49192bd36e479069e472a2ff99ef8fa8e115c8a824a9fe602b364d359447",
            "content_sha512": "a3f3168b578fa4827f5b15a048755c743a5cb99f458e1a6d7f1417577d8d61b0ff2853437dd43635771a7d19e79db7f81c437a1314ef836379c28b6f7d0ff75c",
            "directory_permission": "0777",
            "file_permission": "0777",
            "filename": "/home/ubuntu/Terraform/pets/pet2.txt",
            "id": "277e89442adc98fe5ebe18d6f1964696711eaf70",
            "sensitive_content": null,
            "source": null
          },
          "sensitive_attributes": [
            [
              {
                "type": "get_attr",
                "value": "sensitive_content"
              }
            ]
          ],
          "dependencies": [
            "random_pet.my-pet"
          ]
        },
        {
          "index_key": "/home/ubuntu/Terraform/pets/pet3.txt",
          "schema_version": 0,
          "attributes": {
            "content": "Mrs..titmouse",
            "content_base64": null,
            "content_base64sha256": "TQxJGSvTbkeQaeRyov+Z74+o4RXIqCSp/mArNk01lEc=",
            "content_base64sha512": "o/MWi1ePpIJ/WxWgSHVcdDpcuZ9FjhptfxQXV32NYbD/KFNDfdQ2NXcafRnnnbf4HEN6ExTvg2N5wotvfQ/3XA==",
            "content_md5": "68c40ea349b82fb53c7fd842cb92e619",
            "content_sha1": "277e89442adc98fe5ebe18d6f1964696711eaf70",
            "content_sha256": "4d0c49192bd36e479069e472a2ff99ef8fa8e115c8a824a9fe602b364d359447",
            "content_sha512": "a3f3168b578fa4827f5b15a048755c743a5cb99f458e1a6d7f1417577d8d61b0ff2853437dd43635771a7d19e79db7f81c437a1314ef836379c28b6f7d0ff75c",
            "directory_permission": "0777",
            "file_permission": "0777",
            "filename": "/home/ubuntu/Terraform/pets/pet3.txt",
            "id": "277e89442adc98fe5ebe18d6f1964696711eaf70",
            "sensitive_content": null,
            "source": null
          },
          "sensitive_attributes": [
            [
              {
                "type": "get_attr",
                "value": "sensitive_content"
              }
            ]
          ],
          "dependencies": [
            "random_pet.my-pet"
          ]
        },
        {
          "index_key": "/home/ubuntu/Terraform/pets/pet4.txt",
          "schema_version": 0,
          "attributes": {
            "content": "Mrs..titmouse",
            "content_base64": null,
            "content_base64sha256": "TQxJGSvTbkeQaeRyov+Z74+o4RXIqCSp/mArNk01lEc=",
            "content_base64sha512": "o/MWi1ePpIJ/WxWgSHVcdDpcuZ9FjhptfxQXV32NYbD/KFNDfdQ2NXcafRnnnbf4HEN6ExTvg2N5wotvfQ/3XA==",
            "content_md5": "68c40ea349b82fb53c7fd842cb92e619",
            "content_sha1": "277e89442adc98fe5ebe18d6f1964696711eaf70",
            "content_sha256": "4d0c49192bd36e479069e472a2ff99ef8fa8e115c8a824a9fe602b364d359447",
            "content_sha512": "a3f3168b578fa4827f5b15a048755c743a5cb99f458e1a6d7f1417577d8d61b0ff2853437dd43635771a7d19e79db7f81c437a1314ef836379c28b6f7d0ff75c",
            "directory_permission": "0777",
            "file_permission": "0777",
            "filename": "/home/ubuntu/Terraform/pets/pet4.txt",
            "id": "277e89442adc98fe5ebe18d6f1964696711eaf70",
            "sensitive_content": null,
            "source": null
          },
          "sensitive_attributes": [
            [
              {
                "type": "get_attr",
                "value": "sensitive_content"
              }
            ]
          ],
          "dependencies": [
            "random_pet.my-pet"
          ]
        }
      ]
    },
    {
      "mode": "managed",
      "type": "random_pet",
      "name": "my-pet",
      "provider": "provider[\"registry.terraform.io/hashicorp/random\"]",
      "instances": [
        {
          "schema_version": 0,
          "attributes": {
            "id": "Mrs..titmouse",
            "keepers": null,
            "length": 1,
            "prefix": "Mrs.",
            "separator": "."
          },
          "sensitive_attributes": []
        }
      ]
    }
  ],
  "check_results": null
}
