{
  "version": 4,
  "terraform_version": "1.9.2",
  "serial": 11,
  "lineage": "fd9087e8-13db-b9ba-97fb-001829384be8",
  "outputs": {},
  "resources": [
    {
      "mode": "managed",
      "type": "local_file",
      "name": "pet-file",
      "provider": "provider[\"registry.terraform.io/hashicorp/local\"]",
      "instances": [
        {
          "schema_version": 0,
          "attributes": {
            "content": "I love Dog",
            "content_base64": null,
            "content_base64sha256": "BHQxmN1m0GR0YctwfiXb6xpyU51fv7F2zNSj458SUpU=",
            "content_base64sha512": "hfVLNXE63hd6nDUWnXw3cdfpzy4Evb4+xW2p57P7bJMhULq0IuEV+pZkqdMdQSBx+T5vuRioywP7OKcCZkDlog==",
            "content_md5": "efe9cee8a86b3ea982c50f8b54436fdb",
            "content_sha1": "8ef9dbede1c542515efeececfc5e8fbb7343bf6f",
            "content_sha256": "04743198dd66d0647461cb707e25dbeb1a72539d5fbfb176ccd4a3e39f125295",
            "content_sha512": "85f54b35713ade177a9c35169d7c3771d7e9cf2e04bdbe3ec56da9e7b3fb6c932150bab422e115fa9664a9d31d412071f93e6fb918a8cb03fb38a7026640e5a2",
            "directory_permission": "0777",
            "file_permission": "0777",
            "filename": "/home/ubuntu/Terraform/pets/pet1.txt",
            "id": "8ef9dbede1c542515efeececfc5e8fbb7343bf6f",
            "sensitive_content": null,
            "source": null
          },
          "sensitive_attributes": [
            [
              {
                "type": "get_attr",
                "value": "sensitive_content"
              }
            ]
          ]
        }
      ]
    },
    {
      "mode": "managed",
      "type": "random_pet",
      "name": "my-pet",
      "provider": "provider[\"registry.terraform.io/hashicorp/random\"]",
      "instances": [
        {
          "schema_version": 0,
          "attributes": {
            "id": "Mrs..titmouse",
            "keepers": null,
            "length": 1,
            "prefix": "Mrs.",
            "separator": "."
          },
          "sensitive_attributes": []
        }
      ]
    }
  ],
  "check_results": null
}
